// !$*UTF8*$!
{
	archiveVersion = 1;
	classes = {
	};
	objectVersion = 50;
	objects = {

/* Begin PBXBuildFile section */
		5AC88EB42087916800E00DE7 /* PhotoCollectionCell.swift in Sources */ = {isa = PBXBuildFile; fileRef = 5AC88EB32087916800E00DE7 /* PhotoCollectionCell.swift */; };
		5AEFD28520874D550006617D /* AppDelegate.swift in Sources */ = {isa = PBXBuildFile; fileRef = 5AEFD28420874D550006617D /* AppDelegate.swift */; };
		5AEFD28A20874D550006617D /* Main.storyboard in Resources */ = {isa = PBXBuildFile; fileRef = 5AEFD28820874D550006617D /* Main.storyboard */; };
		5AEFD28C20874D590006617D /* Assets.xcassets in Resources */ = {isa = PBXBuildFile; fileRef = 5AEFD28B20874D590006617D /* Assets.xcassets */; };
		5AEFD28F20874D590006617D /* LaunchScreen.storyboard in Resources */ = {isa = PBXBuildFile; fileRef = 5AEFD28D20874D590006617D /* LaunchScreen.storyboard */; };
		5AEFD29B2087505B0006617D /* MainNaviController.swift in Sources */ = {isa = PBXBuildFile; fileRef = 5AEFD29A2087505B0006617D /* MainNaviController.swift */; };
		5AEFD29D208750A60006617D /* MediaListViewController.swift in Sources */ = {isa = PBXBuildFile; fileRef = 5AEFD29C208750A60006617D /* MediaListViewController.swift */; };
		5AEFD2A1208753A90006617D /* ReusableView.swift in Sources */ = {isa = PBXBuildFile; fileRef = 5AEFD2A0208753A90006617D /* ReusableView.swift */; };
		5AEFD2A3208753CC0006617D /* UICollectionViewExtension.swift in Sources */ = {isa = PBXBuildFile; fileRef = 5AEFD2A2208753CC0006617D /* UICollectionViewExtension.swift */; };
		5AEFD2A62087577B0006617D /* Media.swift in Sources */ = {isa = PBXBuildFile; fileRef = 5AEFD2A52087577B0006617D /* Media.swift */; };
		5AEFD2AA208757CE0006617D /* VideoCollectionCell.swift in Sources */ = {isa = PBXBuildFile; fileRef = 5AEFD2A8208757CE0006617D /* VideoCollectionCell.swift */; };
		5AEFD2AD208759E80006617D /* MediaDataManager.swift in Sources */ = {isa = PBXBuildFile; fileRef = 5AEFD2AC208759E80006617D /* MediaDataManager.swift */; };
		5AEFD2AF20875C400006617D /* RandomGenerator.swift in Sources */ = {isa = PBXBuildFile; fileRef = 5AEFD2AE20875C400006617D /* RandomGenerator.swift */; };
		5AEFD2B120876F860006617D /* ResourceManager.swift in Sources */ = {isa = PBXBuildFile; fileRef = 5AEFD2B020876F860006617D /* ResourceManager.swift */; };
		6E49F43B3AD50EA81C01E5F9 /* Pods_MediaCollection.framework in Frameworks */ = {isa = PBXBuildFile; fileRef = DB90FFF375BFECD845677E3E /* Pods_MediaCollection.framework */; };
/* End PBXBuildFile section */

/* Begin PBXFileReference section */
		5AC88EB32087916800E00DE7 /* PhotoCollectionCell.swift */ = {isa = PBXFileReference; lastKnownFileType = sourcecode.swift; path = PhotoCollectionCell.swift; sourceTree = "<group>"; };
		5AEFD28120874D550006617D /* MediaCollection.app */ = {isa = PBXFileReference; explicitFileType = wrapper.application; includeInIndex = 0; path = MediaCollection.app; sourceTree = BUILT_PRODUCTS_DIR; };
		5AEFD28420874D550006617D /* AppDelegate.swift */ = {isa = PBXFileReference; lastKnownFileType = sourcecode.swift; path = AppDelegate.swift; sourceTree = "<group>"; };
		5AEFD28920874D550006617D /* Base */ = {isa = PBXFileReference; lastKnownFileType = file.storyboard; name = Base; path = Base.lproj/Main.storyboard; sourceTree = "<group>"; };
		5AEFD28B20874D590006617D /* Assets.xcassets */ = {isa = PBXFileReference; lastKnownFileType = folder.assetcatalog; path = Assets.xcassets; sourceTree = "<group>"; };
		5AEFD28E20874D590006617D /* Base */ = {isa = PBXFileReference; lastKnownFileType = file.storyboard; name = Base; path = Base.lproj/LaunchScreen.storyboard; sourceTree = "<group>"; };
		5AEFD29020874D590006617D /* Info.plist */ = {isa = PBXFileReference; lastKnownFileType = text.plist.xml; path = Info.plist; sourceTree = "<group>"; };
		5AEFD29A2087505B0006617D /* MainNaviController.swift */ = {isa = PBXFileReference; lastKnownFileType = sourcecode.swift; path = MainNaviController.swift; sourceTree = "<group>"; };
		5AEFD29C208750A60006617D /* MediaListViewController.swift */ = {isa = PBXFileReference; lastKnownFileType = sourcecode.swift; path = MediaListViewController.swift; sourceTree = "<group>"; };
		5AEFD2A0208753A90006617D /* ReusableView.swift */ = {isa = PBXFileReference; lastKnownFileType = sourcecode.swift; path = ReusableView.swift; sourceTree = "<group>"; };
		5AEFD2A2208753CC0006617D /* UICollectionViewExtension.swift */ = {isa = PBXFileReference; lastKnownFileType = sourcecode.swift; path = UICollectionViewExtension.swift; sourceTree = "<group>"; };
		5AEFD2A52087577B0006617D /* Media.swift */ = {isa = PBXFileReference; lastKnownFileType = sourcecode.swift; path = Media.swift; sourceTree = "<group>"; };
		5AEFD2A8208757CE0006617D /* VideoCollectionCell.swift */ = {isa = PBXFileReference; lastKnownFileType = sourcecode.swift; path = VideoCollectionCell.swift; sourceTree = "<group>"; };
		5AEFD2AC208759E80006617D /* MediaDataManager.swift */ = {isa = PBXFileReference; lastKnownFileType = sourcecode.swift; path = MediaDataManager.swift; sourceTree = "<group>"; };
		5AEFD2AE20875C400006617D /* RandomGenerator.swift */ = {isa = PBXFileReference; lastKnownFileType = sourcecode.swift; path = RandomGenerator.swift; sourceTree = "<group>"; };
		5AEFD2B020876F860006617D /* ResourceManager.swift */ = {isa = PBXFileReference; lastKnownFileType = sourcecode.swift; path = ResourceManager.swift; sourceTree = "<group>"; };
		6604728573145CBB10A51848 /* Pods-MediaCollection.release.xcconfig */ = {isa = PBXFileReference; includeInIndex = 1; lastKnownFileType = text.xcconfig; name = "Pods-MediaCollection.release.xcconfig"; path = "Pods/Target Support Files/Pods-MediaCollection/Pods-MediaCollection.release.xcconfig"; sourceTree = "<group>"; };
		9505A21DED12B202B95DC398 /* Pods-MediaCollection.debug.xcconfig */ = {isa = PBXFileReference; includeInIndex = 1; lastKnownFileType = text.xcconfig; name = "Pods-MediaCollection.debug.xcconfig"; path = "Pods/Target Support Files/Pods-MediaCollection/Pods-MediaCollection.debug.xcconfig"; sourceTree = "<group>"; };
		DB90FFF375BFECD845677E3E /* Pods_MediaCollection.framework */ = {isa = PBXFileReference; explicitFileType = wrapper.framework; includeInIndex = 0; path = Pods_MediaCollection.framework; sourceTree = BUILT_PRODUCTS_DIR; };
/* End PBXFileReference section */

/* Begin PBXFrameworksBuildPhase section */
		5AEFD27E20874D550006617D /* Frameworks */ = {
			isa = PBXFrameworksBuildPhase;
			buildActionMask = 2147483647;
			files = (
				6E49F43B3AD50EA81C01E5F9 /* Pods_MediaCollection.framework in Frameworks */,
			);
			runOnlyForDeploymentPostprocessing = 0;
		};
/* End PBXFrameworksBuildPhase section */

/* Begin PBXGroup section */
		0E629DAFBC4B6817CD9B4E07 /* Pods */ = {
			isa = PBXGroup;
			children = (
				9505A21DED12B202B95DC398 /* Pods-MediaCollection.debug.xcconfig */,
				6604728573145CBB10A51848 /* Pods-MediaCollection.release.xcconfig */,
			);
			name = Pods;
			sourceTree = "<group>";
		};
		5AEFD27820874D550006617D = {
			isa = PBXGroup;
			children = (
				5AEFD28320874D550006617D /* MediaCollection */,
				5AEFD28220874D550006617D /* Products */,
				0E629DAFBC4B6817CD9B4E07 /* Pods */,
				8D57CF7F5DC7DC2768656651 /* Frameworks */,
			);
			sourceTree = "<group>";
		};
		5AEFD28220874D550006617D /* Products */ = {
			isa = PBXGroup;
			children = (
				5AEFD28120874D550006617D /* MediaCollection.app */,
			);
			name = Products;
			sourceTree = "<group>";
		};
		5AEFD28320874D550006617D /* MediaCollection */ = {
			isa = PBXGroup;
			children = (
				5AEFD2A42087576D0006617D /* DataGroups */,
				5AEFD28420874D550006617D /* AppDelegate.swift */,
				5AEFD297208750320006617D /* Groups */,
				5AEFD29E2087536F0006617D /* Extension */,
				5AEFD28820874D550006617D /* Main.storyboard */,
				5AEFD28B20874D590006617D /* Assets.xcassets */,
				5AEFD28D20874D590006617D /* LaunchScreen.storyboard */,
				5AEFD29020874D590006617D /* Info.plist */,
			);
			path = MediaCollection;
			sourceTree = "<group>";
		};
		5AEFD297208750320006617D /* Groups */ = {
			isa = PBXGroup;
			children = (
				5AEFD2982087503C0006617D /* Main */,
			);
			path = Groups;
			sourceTree = "<group>";
		};
		5AEFD2982087503C0006617D /* Main */ = {
			isa = PBXGroup;
			children = (
				5AEFD2A7208757880006617D /* CollectionCells */,
				5AEFD299208750490006617D /* Controllers */,
			);
			path = Main;
			sourceTree = "<group>";
		};
		5AEFD299208750490006617D /* Controllers */ = {
			isa = PBXGroup;
			children = (
				5AEFD29A2087505B0006617D /* MainNaviController.swift */,
				5AEFD29C208750A60006617D /* MediaListViewController.swift */,
			);
			path = Controllers;
			sourceTree = "<group>";
		};
		5AEFD29E2087536F0006617D /* Extension */ = {
			isa = PBXGroup;
			children = (
				5AEFD29F208753780006617D /* UI */,
			);
			path = Extension;
			sourceTree = "<group>";
		};
		5AEFD29F208753780006617D /* UI */ = {
			isa = PBXGroup;
			children = (
				5AEFD2A0208753A90006617D /* ReusableView.swift */,
				5AEFD2A2208753CC0006617D /* UICollectionViewExtension.swift */,
			);
			path = UI;
			sourceTree = "<group>";
		};
		5AEFD2A42087576D0006617D /* DataGroups */ = {
			isa = PBXGroup;
			children = (
				5AEFD2A52087577B0006617D /* Media.swift */,
				5AEFD2AC208759E80006617D /* MediaDataManager.swift */,
				5AEFD2AE20875C400006617D /* RandomGenerator.swift */,
				5AEFD2B020876F860006617D /* ResourceManager.swift */,
			);
			path = DataGroups;
			sourceTree = "<group>";
		};
		5AEFD2A7208757880006617D /* CollectionCells */ = {
			isa = PBXGroup;
			children = (
				5AEFD2A8208757CE0006617D /* VideoCollectionCell.swift */,
				5AC88EB32087916800E00DE7 /* PhotoCollectionCell.swift */,
			);
			path = CollectionCells;
			sourceTree = "<group>";
		};
		8D57CF7F5DC7DC2768656651 /* Frameworks */ = {
			isa = PBXGroup;
			children = (
				DB90FFF375BFECD845677E3E /* Pods_MediaCollection.framework */,
			);
			name = Frameworks;
			sourceTree = "<group>";
		};
/* End PBXGroup section */

/* Begin PBXNativeTarget section */
		5AEFD28020874D550006617D /* MediaCollection */ = {
			isa = PBXNativeTarget;
			buildConfigurationList = 5AEFD29320874D590006617D /* Build configuration list for PBXNativeTarget "MediaCollection" */;
			buildPhases = (
				33CD168953483D8D2837E18E /* [CP] Check Pods Manifest.lock */,
				5AEFD27D20874D550006617D /* Sources */,
				5AEFD27E20874D550006617D /* Frameworks */,
				5AEFD27F20874D550006617D /* Resources */,
				5AEFD29620874F430006617D /* Swift Lint Script */,
			);
			buildRules = (
			);
			dependencies = (
			);
			name = MediaCollection;
			productName = MediaCollection;
			productReference = 5AEFD28120874D550006617D /* MediaCollection.app */;
			productType = "com.apple.product-type.application";
		};
/* End PBXNativeTarget section */

/* Begin PBXProject section */
		5AEFD27920874D550006617D /* Project object */ = {
			isa = PBXProject;
			attributes = {
				LastSwiftUpdateCheck = 0930;
				LastUpgradeCheck = 0930;
				ORGANIZATIONNAME = "Alexander Khitev";
				TargetAttributes = {
					5AEFD28020874D550006617D = {
						CreatedOnToolsVersion = 9.3;
					};
				};
			};
			buildConfigurationList = 5AEFD27C20874D550006617D /* Build configuration list for PBXProject "MediaCollection" */;
			compatibilityVersion = "Xcode 9.3";
			developmentRegion = en;
			hasScannedForEncodings = 0;
			knownRegions = (
				en,
				Base,
			);
			mainGroup = 5AEFD27820874D550006617D;
			productRefGroup = 5AEFD28220874D550006617D /* Products */;
			projectDirPath = "";
			projectRoot = "";
			targets = (
				5AEFD28020874D550006617D /* MediaCollection */,
			);
		};
/* End PBXProject section */

/* Begin PBXResourcesBuildPhase section */
		5AEFD27F20874D550006617D /* Resources */ = {
			isa = PBXResourcesBuildPhase;
			buildActionMask = 2147483647;
			files = (
				5AEFD28F20874D590006617D /* LaunchScreen.storyboard in Resources */,
				5AEFD28C20874D590006617D /* Assets.xcassets in Resources */,
				5AEFD28A20874D550006617D /* Main.storyboard in Resources */,
			);
			runOnlyForDeploymentPostprocessing = 0;
		};
/* End PBXResourcesBuildPhase section */

/* Begin PBXShellScriptBuildPhase section */
		33CD168953483D8D2837E18E /* [CP] Check Pods Manifest.lock */ = {
			isa = PBXShellScriptBuildPhase;
			buildActionMask = 2147483647;
			files = (
			);
			inputPaths = (
				"${PODS_PODFILE_DIR_PATH}/Podfile.lock",
				"${PODS_ROOT}/Manifest.lock",
			);
			name = "[CP] Check Pods Manifest.lock";
			outputPaths = (
				"$(DERIVED_FILE_DIR)/Pods-MediaCollection-checkManifestLockResult.txt",
			);
			runOnlyForDeploymentPostprocessing = 0;
			shellPath = /bin/sh;
			shellScript = "diff \"${PODS_PODFILE_DIR_PATH}/Podfile.lock\" \"${PODS_ROOT}/Manifest.lock\" > /dev/null\nif [ $? != 0 ] ; then\n    # print error to STDERR\n    echo \"error: The sandbox is not in sync with the Podfile.lock. Run 'pod install' or update your CocoaPods installation.\" >&2\n    exit 1\nfi\n# This output is used by Xcode 'outputs' to avoid re-running this script phase.\necho \"SUCCESS\" > \"${SCRIPT_OUTPUT_FILE_0}\"\n";
			showEnvVarsInLog = 0;
		};
		5AEFD29620874F430006617D /* Swift Lint Script */ = {
			isa = PBXShellScriptBuildPhase;
			buildActionMask = 2147483647;
			files = (
			);
			inputPaths = (
			);
			name = "Swift Lint Script";
			outputPaths = (
			);
			runOnlyForDeploymentPostprocessing = 0;
			shellPath = /bin/sh;
			shellScript = "\"${PODS_ROOT}/SwiftLint/swiftlint\"";
		};
/* End PBXShellScriptBuildPhase section */

/* Begin PBXSourcesBuildPhase section */
		5AEFD27D20874D550006617D /* Sources */ = {
			isa = PBXSourcesBuildPhase;
			buildActionMask = 2147483647;
			files = (
				5AEFD29B2087505B0006617D /* MainNaviController.swift in Sources */,
				5AEFD29D208750A60006617D /* MediaListViewController.swift in Sources */,
				5AEFD2A62087577B0006617D /* Media.swift in Sources */,
				5AEFD2AA208757CE0006617D /* VideoCollectionCell.swift in Sources */,
				5AEFD28520874D550006617D /* AppDelegate.swift in Sources */,
				5AEFD2AF20875C400006617D /* RandomGenerator.swift in Sources */,
				5AEFD2A1208753A90006617D /* ReusableView.swift in Sources */,
				5AEFD2AD208759E80006617D /* MediaDataManager.swift in Sources */,
				5AC88EB42087916800E00DE7 /* PhotoCollectionCell.swift in Sources */,
				5AEFD2A3208753CC0006617D /* UICollectionViewExtension.swift in Sources */,
				5AEFD2B120876F860006617D /* ResourceManager.swift in Sources */,
			);
			runOnlyForDeploymentPostprocessing = 0;
		};
/* End PBXSourcesBuildPhase section */

/* Begin PBXVariantGroup section */
		5AEFD28820874D550006617D /* Main.storyboard */ = {
			isa = PBXVariantGroup;
			children = (
				5AEFD28920874D550006617D /* Base */,
			);
			name = Main.storyboard;
			sourceTree = "<group>";
		};
		5AEFD28D20874D590006617D /* LaunchScreen.storyboard */ = {
			isa = PBXVariantGroup;
			children = (
				5AEFD28E20874D590006617D /* Base */,
			);
			name = LaunchScreen.storyboard;
			sourceTree = "<group>";
		};
/* End PBXVariantGroup section */

/* Begin XCBuildConfiguration section */
		5AEFD29120874D590006617D /* Debug */ = {
			isa = XCBuildConfiguration;
			buildSettings = {
				ALWAYS_SEARCH_USER_PATHS = NO;
				CLANG_ANALYZER_NONNULL = YES;
				CLANG_ANALYZER_NUMBER_OBJECT_CONVERSION = YES_AGGRESSIVE;
				CLANG_CXX_LANGUAGE_STANDARD = "gnu++14";
				CLANG_CXX_LIBRARY = "libc++";
				CLANG_ENABLE_MODULES = YES;
				CLANG_ENABLE_OBJC_ARC = YES;
				CLANG_ENABLE_OBJC_WEAK = YES;
				CLANG_WARN_BLOCK_CAPTURE_AUTORELEASING = YES;
				CLANG_WARN_BOOL_CONVERSION = YES;
				CLANG_WARN_COMMA = YES;
				CLANG_WARN_CONSTANT_CONVERSION = YES;
				CLANG_WARN_DEPRECATED_OBJC_IMPLEMENTATIONS = YES;
				CLANG_WARN_DIRECT_OBJC_ISA_USAGE = YES_ERROR;
				CLANG_WARN_DOCUMENTATION_COMMENTS = YES;
				CLANG_WARN_EMPTY_BODY = YES;
				CLANG_WARN_ENUM_CONVERSION = YES;
				CLANG_WARN_INFINITE_RECURSION = YES;
				CLANG_WARN_INT_CONVERSION = YES;
				CLANG_WARN_NON_LITERAL_NULL_CONVERSION = YES;
				CLANG_WARN_OBJC_IMPLICIT_RETAIN_SELF = YES;
				CLANG_WARN_OBJC_LITERAL_CONVERSION = YES;
				CLANG_WARN_OBJC_ROOT_CLASS = YES_ERROR;
				CLANG_WARN_RANGE_LOOP_ANALYSIS = YES;
				CLANG_WARN_STRICT_PROTOTYPES = YES;
				CLANG_WARN_SUSPICIOUS_MOVE = YES;
				CLANG_WARN_UNGUARDED_AVAILABILITY = YES_AGGRESSIVE;
				CLANG_WARN_UNREACHABLE_CODE = YES;
				CLANG_WARN__DUPLICATE_METHOD_MATCH = YES;
				CODE_SIGN_IDENTITY = "iPhone Developer";
				COPY_PHASE_STRIP = NO;
				DEBUG_INFORMATION_FORMAT = dwarf;
				ENABLE_STRICT_OBJC_MSGSEND = YES;
				ENABLE_TESTABILITY = YES;
				GCC_C_LANGUAGE_STANDARD = gnu11;
				GCC_DYNAMIC_NO_PIC = NO;
				GCC_NO_COMMON_BLOCKS = YES;
				GCC_OPTIMIZATION_LEVEL = 0;
				GCC_PREPROCESSOR_DEFINITIONS = (
					"DEBUG=1",
					"$(inherited)",
				);
				GCC_WARN_64_TO_32_BIT_CONVERSION = YES;
				GCC_WARN_ABOUT_RETURN_TYPE = YES_ERROR;
				GCC_WARN_UNDECLARED_SELECTOR = YES;
				GCC_WARN_UNINITIALIZED_AUTOS = YES_AGGRESSIVE;
				GCC_WARN_UNUSED_FUNCTION = YES;
				GCC_WARN_UNUSED_VARIABLE = YES;
				IPHONEOS_DEPLOYMENT_TARGET = 11.3;
				MTL_ENABLE_DEBUG_INFO = YES;
				ONLY_ACTIVE_ARCH = YES;
				SDKROOT = iphoneos;
				SWIFT_ACTIVE_COMPILATION_CONDITIONS = DEBUG;
				SWIFT_OPTIMIZATION_LEVEL = "-Onone";
			};
			name = Debug;
		};
		5AEFD29220874D590006617D /* Release */ = {
			isa = XCBuildConfiguration;
			buildSettings = {
				ALWAYS_SEARCH_USER_PATHS = NO;
				CLANG_ANALYZER_NONNULL = YES;
				CLANG_ANALYZER_NUMBER_OBJECT_CONVERSION = YES_AGGRESSIVE;
				CLANG_CXX_LANGUAGE_STANDARD = "gnu++14";
				CLANG_CXX_LIBRARY = "libc++";
				CLANG_ENABLE_MODULES = YES;
				CLANG_ENABLE_OBJC_ARC = YES;
				CLANG_ENABLE_OBJC_WEAK = YES;
				CLANG_WARN_BLOCK_CAPTURE_AUTORELEASING = YES;
				CLANG_WARN_BOOL_CONVERSION = YES;
				CLANG_WARN_COMMA = YES;
				CLANG_WARN_CONSTANT_CONVERSION = YES;
				CLANG_WARN_DEPRECATED_OBJC_IMPLEMENTATIONS = YES;
				CLANG_WARN_DIRECT_OBJC_ISA_USAGE = YES_ERROR;
				CLANG_WARN_DOCUMENTATION_COMMENTS = YES;
				CLANG_WARN_EMPTY_BODY = YES;
				CLANG_WARN_ENUM_CONVERSION = YES;
				CLANG_WARN_INFINITE_RECURSION = YES;
				CLANG_WARN_INT_CONVERSION = YES;
				CLANG_WARN_NON_LITERAL_NULL_CONVERSION = YES;
				CLANG_WARN_OBJC_IMPLICIT_RETAIN_SELF = YES;
				CLANG_WARN_OBJC_LITERAL_CONVERSION = YES;
				CLANG_WARN_OBJC_ROOT_CLASS = YES_ERROR;
				CLANG_WARN_RANGE_LOOP_ANALYSIS = YES;
				CLANG_WARN_STRICT_PROTOTYPES = YES;
				CLANG_WARN_SUSPICIOUS_MOVE = YES;
				CLANG_WARN_UNGUARDED_AVAILABILITY = YES_AGGRESSIVE;
				CLANG_WARN_UNREACHABLE_CODE = YES;
				CLANG_WARN__DUPLICATE_METHOD_MATCH = YES;
				CODE_SIGN_IDENTITY = "iPhone Developer";
				COPY_PHASE_STRIP = NO;
				DEBUG_INFORMATION_FORMAT = "dwarf-with-dsym";
				ENABLE_NS_ASSERTIONS = NO;
				ENABLE_STRICT_OBJC_MSGSEND = YES;
				GCC_C_LANGUAGE_STANDARD = gnu11;
				GCC_NO_COMMON_BLOCKS = YES;
				GCC_WARN_64_TO_32_BIT_CONVERSION = YES;
				GCC_WARN_ABOUT_RETURN_TYPE = YES_ERROR;
				GCC_WARN_UNDECLARED_SELECTOR = YES;
				GCC_WARN_UNINITIALIZED_AUTOS = YES_AGGRESSIVE;
				GCC_WARN_UNUSED_FUNCTION = YES;
				GCC_WARN_UNUSED_VARIABLE = YES;
				IPHONEOS_DEPLOYMENT_TARGET = 11.3;
				MTL_ENABLE_DEBUG_INFO = NO;
				SDKROOT = iphoneos;
				SWIFT_COMPILATION_MODE = wholemodule;
				SWIFT_OPTIMIZATION_LEVEL = "-O";
				VALIDATE_PRODUCT = YES;
			};
			name = Release;
		};
		5AEFD29420874D590006617D /* Debug */ = {
			isa = XCBuildConfiguration;
			baseConfigurationReference = 9505A21DED12B202B95DC398 /* Pods-MediaCollection.debug.xcconfig */;
			buildSettings = {
				ASSETCATALOG_COMPILER_APPICON_NAME = AppIcon;
				CODE_SIGN_STYLE = Automatic;
				DEVELOPMENT_TEAM = FQCFR2VMWQ;
				INFOPLIST_FILE = MediaCollection/Info.plist;
				IPHONEOS_DEPLOYMENT_TARGET = 10.0;
				LD_RUNPATH_SEARCH_PATHS = (
					"$(inherited)",
					"@executable_path/Frameworks",
				);
				PRODUCT_BUNDLE_IDENTIFIER = com.khitev.MediaCollection;
				PRODUCT_NAME = "$(TARGET_NAME)";
				SWIFT_VERSION = 4.0;
				TARGETED_DEVICE_FAMILY = "1,2";
			};
			name = Debug;
		};
		5AEFD29520874D590006617D /* Release */ = {
			isa = XCBuildConfiguration;
			baseConfigurationReference = 6604728573145CBB10A51848 /* Pods-MediaCollection.release.xcconfig */;
			buildSettings = {
				ASSETCATALOG_COMPILER_APPICON_NAME = AppIcon;
				CODE_SIGN_STYLE = Automatic;
				DEVELOPMENT_TEAM = FQCFR2VMWQ;
				INFOPLIST_FILE = MediaCollection/Info.plist;
				IPHONEOS_DEPLOYMENT_TARGET = 10.0;
				LD_RUNPATH_SEARCH_PATHS = (
					"$(inherited)",
					"@executable_path/Frameworks",
				);
				PRODUCT_BUNDLE_IDENTIFIER = com.khitev.MediaCollection;
				PRODUCT_NAME = "$(TARGET_NAME)";
				SWIFT_VERSION = 4.0;
				TARGETED_DEVICE_FAMILY = "1,2";
			};
			name = Release;
		};
/* End XCBuildConfiguration section */

/* Begin XCConfigurationList section */
		5AEFD27C20874D550006617D /* Build configuration list for PBXProject "MediaCollection" */ = {
			isa = XCConfigurationList;
			buildConfigurations = (
				5AEFD29120874D590006617D /* Debug */,
				5AEFD29220874D590006617D /* Release */,
			);
			defaultConfigurationIsVisible = 0;
			defaultConfigurationName = Release;
		};
		5AEFD29320874D590006617D /* Build configuration list for PBXNativeTarget "MediaCollection" */ = {
			isa = XCConfigurationList;
			buildConfigurations = (
				5AEFD29420874D590006617D /* Debug */,
				5AEFD29520874D590006617D /* Release */,
			);
			defaultConfigurationIsVisible = 0;
			defaultConfigurationName = Release;
		};
/* End XCConfigurationList section */
	};
	rootObject = 5AEFD27920874D550006617D /* Project object */;
}
